
Microsoft Visual Studio Solution File, Format Version 12.00
# Visual Studio Version 17
VisualStudioVersion = 17.3.32901.215
MinimumVisualStudioVersion = 10.0.40219.1
Project("{8BC9CEB8-8B4A-11D0-8D11-00A0C91BC942}") = "3rd 2", "3rd 2\3rd 2.vcxproj", "{24595896-21C9-4478-9BCE-C4C0FD7F3483}"
EndProject
Global
	GlobalSection(SolutionConfigurationPlatforms) = preSolution
		Debug|x64 = Debug|x64
		Debug|x86 = Debug|x86
		Release|x64 = Release|x64
		Release|x86 = Release|x86
	EndGlobalSection
	GlobalSection(ProjectConfigurationPlatforms) = postSolution
		{24595896-21C9-4478-9BCE-C4C0FD7F3483}.Debug|x64.ActiveCfg = Debug|x64
		{24595896-21C9-4478-9BCE-C4C0FD7F3483}.Debug|x64.Build.0 = Debug|x64
		{24595896-21C9-4478-9BCE-C4C0FD7F3483}.Debug|x86.ActiveCfg = Debug|Win32
		{24595896-21C9-4478-9BCE-C4C0FD7F3483}.Debug|x86.Build.0 = Debug|Win32
		{24595896-21C9-4478-9BCE-C4C0FD7F3483}.Release|x64.ActiveCfg = Release|x64
		{24595896-21C9-4478-9BCE-C4C0FD7F3483}.Release|x64.Build.0 = Release|x64
		{24595896-21C9-4478-9BCE-C4C0FD7F3483}.Release|x86.ActiveCfg = Release|Win32
		{24595896-21C9-4478-9BCE-C4C0FD7F3483}.Release|x86.Build.0 = Release|Win32
	EndGlobalSection
	GlobalSection(SolutionProperties) = preSolution
		HideSolutionNode = FALSE
	EndGlobalSection
	GlobalSection(ExtensibilityGlobals) = postSolution
		SolutionGuid = {4396B2A7-92CD-4678-AF28-D96451975BFD}
	EndGlobalSection
EndGlobal
